
Microsoft Visual Studio Solution File, Format Version 12.00
# Visual Studio Version 17
VisualStudioVersion = 17.14.36401.2 d17.14
MinimumVisualStudioVersion = 10.0.40219.1
Project("{FAE04EC0-301F-11D3-BF4B-00C04F79EFBC}") = "Rock Paper Scissors Online", "Rock Paper Scissors Online\Rock Paper Scissors Online.csproj", "{61519330-0A45-45C3-B9E4-2D64F7684F4B}"
EndProject
Global
	GlobalSection(SolutionConfigurationPlatforms) = preSolution
		Debug|Any CPU = Debug|Any CPU
		Release|Any CPU = Release|Any CPU
	EndGlobalSection
	GlobalSection(ProjectConfigurationPlatforms) = postSolution
		{61519330-0A45-45C3-B9E4-2D64F7684F4B}.Debug|Any CPU.ActiveCfg = Debug|Any CPU
		{61519330-0A45-45C3-B9E4-2D64F7684F4B}.Debug|Any CPU.Build.0 = Debug|Any CPU
		{61519330-0A45-45C3-B9E4-2D64F7684F4B}.Release|Any CPU.ActiveCfg = Release|Any CPU
		{61519330-0A45-45C3-B9E4-2D64F7684F4B}.Release|Any CPU.Build.0 = Release|Any CPU
	EndGlobalSection
	GlobalSection(SolutionProperties) = preSolution
		HideSolutionNode = FALSE
	EndGlobalSection
	GlobalSection(ExtensibilityGlobals) = postSolution
		SolutionGuid = {50C937D6-213B-40CB-ABB7-7AA3AC145F2B}
	EndGlobalSection
EndGlobal
